<?xml version="1.0" encoding="UTF-8" standalone="yes" ?>
<CodeBlocks_project_file>
	<FileVersion major="1" minor="6" />
	<Project>
		<Option title="KCon" />
		<Option pch_mode="2" />
		<Option compiler="gcc" />
		<Option virtualFolders="elpa/;elpa/container/;kcon/;" />
		<Build>
			<Target title="Release">
				<Option output="bin/Release/KCon" prefix_auto="1" extension_auto="1" />
				<Option object_output="obj/Release/" />
				<Option type="1" />
				<Option compiler="gcc" />
				<Option parameters="-tests -repl test.elpa" />
				<Compiler>
					<Add option="-O2" />
					<Add option="-fexceptions -std=c++14" />
				</Compiler>
				<Linker>
					<Add option="-s" />
				</Linker>
			</Target>
			<Target title="Matlis">
				<Option output="bin/Matlis/KCon" prefix_auto="1" extension_auto="1" />
				<Option working_dir="bin/Matlis/" />
				<Option object_output="obj/Matlis/" />
				<Option type="1" />
				<Option compiler="gcc" />
				<Compiler>
					<Add option="-O2" />
				</Compiler>
				<Linker>
					<Add option="-s" />
				</Linker>
			</Target>
		</Build>
		<Compiler>
			<Add option="-Wall" />
			<Add option="-fexceptions" />
		</Compiler>
		<Unit filename="elpa/common.h">
			<Option virtualFolder="elpa/" />
		</Unit>
		<Unit filename="elpa/container/elpa_map.h">
			<Option virtualFolder="elpa/container/" />
		</Unit>
		<Unit filename="elpa/container/elpa_stack.h">
			<Option virtualFolder="elpa/container/" />
		</Unit>
		<Unit filename="elpa/container/range.h">
			<Option virtualFolder="elpa/container/" />
		</Unit>
		<Unit filename="elpa/interpreter.h">
			<Option virtualFolder="elpa/" />
		</Unit>
		<Unit filename="elpa/memory.cpp">
			<Option virtualFolder="elpa/" />
		</Unit>
		<Unit filename="elpa/memory.h">
			<Option virtualFolder="elpa/" />
		</Unit>
		<Unit filename="elpa/runtime.h">
			<Option virtualFolder="elpa/" />
		</Unit>
		<Unit filename="elpa/shell.cpp">
			<Option virtualFolder="elpa/" />
		</Unit>
		<Unit filename="elpa/shell.h">
			<Option virtualFolder="elpa/" />
		</Unit>
		<Unit filename="elpa/stream.cpp">
			<Option virtualFolder="elpa/" />
		</Unit>
		<Unit filename="elpa/stream.h">
			<Option virtualFolder="elpa/" />
		</Unit>
		<Unit filename="elpa/tests.cpp">
			<Option virtualFolder="elpa/" />
		</Unit>
		<Unit filename="elpa/tests.h">
			<Option virtualFolder="elpa/" />
		</Unit>
		<Unit filename="elpa/types.h">
			<Option virtualFolder="elpa/" />
		</Unit>
		<Unit filename="kcon.cpp" />
		<Unit filename="kcon/interpreter.cpp">
			<Option virtualFolder="kcon/" />
		</Unit>
		<Unit filename="kcon/interpreter.h">
			<Option virtualFolder="kcon/" />
		</Unit>
		<Unit filename="kcon/shell.cpp">
			<Option virtualFolder="kcon/" />
		</Unit>
		<Unit filename="kcon/shell.h">
			<Option virtualFolder="kcon/" />
		</Unit>
		<Unit filename="kcon/tests.cpp">
			<Option virtualFolder="kcon/" />
			<Option target="Release" />
		</Unit>
		<Unit filename="kcon/tests.h">
			<Option virtualFolder="kcon/" />
			<Option target="Release" />
		</Unit>
		<Extensions>
			<code_completion />
			<debugger />
		</Extensions>
	</Project>
</CodeBlocks_project_file>
