<?xml version="1.0" encoding="UTF-8" standalone="yes" ?>
<CodeBlocks_project_file>
	<FileVersion major="1" minor="6" />
	<Project>
		<Option title="KCon" />
		<Option pch_mode="2" />
		<Option compiler="gcc" />
		<Option virtualFolders="container/;" />
		<Build>
			<Target title="Release">
				<Option output="bin/Release/KCon" prefix_auto="1" extension_auto="1" />
				<Option object_output="obj/Release/" />
				<Option type="1" />
				<Option compiler="gcc" />
				<Compiler>
					<Add option="-O2" />
					<Add option="-fexceptions -std=c++14" />
				</Compiler>
				<Linker>
					<Add option="-s" />
				</Linker>
			</Target>
		</Build>
		<Compiler>
			<Add option="-Wall" />
			<Add option="-fexceptions" />
		</Compiler>
		<Unit filename="kcon/common.h" />
		<Unit filename="kcon/container/kstack.h">
			<Option virtualFolder="container/" />
		</Unit>
		<Unit filename="kcon/kcon.cpp" />
		<Unit filename="kcon/memory.cpp" />
		<Unit filename="kcon/memory.h" />
		<Unit filename="kcon/runtime.h" />
		<Unit filename="kcon/stream.cpp" />
		<Unit filename="kcon/stream.h" />
		<Unit filename="kcon/tests.cpp" />
		<Unit filename="kcon/tests.h" />
		<Unit filename="kcon/types.h" />
		<Extensions>
			<code_completion />
			<debugger />
		</Extensions>
	</Project>
</CodeBlocks_project_file>
